// !$*UTF8*$!
{
	archiveVersion = 1;
	classes = {
	};
	objectVersion = 56;
	objects = {

/* Begin PBXBuildFile section */
		815A63242B20C91500999DC8 /* ProductEntity.swift in Sources */ = {isa = PBXBuildFile; fileRef = 815A63232B20C91500999DC8 /* ProductEntity.swift */; };
		815A63272B20C9B000999DC8 /* ProductsViewModel.swift in Sources */ = {isa = PBXBuildFile; fileRef = 815A63262B20C9B000999DC8 /* ProductsViewModel.swift */; };
		815D3F1E2B21E46800AF35CE /* ImageCache.swift in Sources */ = {isa = PBXBuildFile; fileRef = 815D3F1D2B21E46800AF35CE /* ImageCache.swift */; };
		81AB20062B1B45A5000A8A3A /* EcommerceApp.swift in Sources */ = {isa = PBXBuildFile; fileRef = 81AB20052B1B45A5000A8A3A /* EcommerceApp.swift */; };
		81AB20082B1B45A5000A8A3A /* ContentView.swift in Sources */ = {isa = PBXBuildFile; fileRef = 81AB20072B1B45A5000A8A3A /* ContentView.swift */; };
		81AB200A2B1B45A6000A8A3A /* Assets.xcassets in Resources */ = {isa = PBXBuildFile; fileRef = 81AB20092B1B45A6000A8A3A /* Assets.xcassets */; };
		81AB200D2B1B45A6000A8A3A /* Preview Assets.xcassets in Resources */ = {isa = PBXBuildFile; fileRef = 81AB200C2B1B45A6000A8A3A /* Preview Assets.xcassets */; };
		81AB20182B1B4634000A8A3A /* ProductCard.swift in Sources */ = {isa = PBXBuildFile; fileRef = 81AB20172B1B4634000A8A3A /* ProductCard.swift */; };
		81AB201A2B1B6BE4000A8A3A /* Product.swift in Sources */ = {isa = PBXBuildFile; fileRef = 81AB20192B1B6BE4000A8A3A /* Product.swift */; };
		81AB201C2B1B7ECE000A8A3A /* CartManager.swift in Sources */ = {isa = PBXBuildFile; fileRef = 81AB201B2B1B7ECE000A8A3A /* CartManager.swift */; };
		81AB201E2B1B8293000A8A3A /* CartView.swift in Sources */ = {isa = PBXBuildFile; fileRef = 81AB201D2B1B8293000A8A3A /* CartView.swift */; };
		81AB20202B1DEA49000A8A3A /* ProductRow.swift in Sources */ = {isa = PBXBuildFile; fileRef = 81AB201F2B1DEA49000A8A3A /* ProductRow.swift */; };
		81AB20222B1E095C000A8A3A /* CartButton.swift in Sources */ = {isa = PBXBuildFile; fileRef = 81AB20212B1E095C000A8A3A /* CartButton.swift */; };
		81AB20242B1E11CD000A8A3A /* PaymentButton.swift in Sources */ = {isa = PBXBuildFile; fileRef = 81AB20232B1E11CD000A8A3A /* PaymentButton.swift */; };
/* End PBXBuildFile section */

/* Begin PBXFileReference section */
		815A63232B20C91500999DC8 /* ProductEntity.swift */ = {isa = PBXFileReference; lastKnownFileType = sourcecode.swift; path = ProductEntity.swift; sourceTree = "<group>"; };
		815A63262B20C9B000999DC8 /* ProductsViewModel.swift */ = {isa = PBXFileReference; lastKnownFileType = sourcecode.swift; path = ProductsViewModel.swift; sourceTree = "<group>"; };
		815D3F1D2B21E46800AF35CE /* ImageCache.swift */ = {isa = PBXFileReference; lastKnownFileType = sourcecode.swift; path = ImageCache.swift; sourceTree = "<group>"; };
		81AB20022B1B45A5000A8A3A /* Ecommerce.app */ = {isa = PBXFileReference; explicitFileType = wrapper.application; includeInIndex = 0; path = Ecommerce.app; sourceTree = BUILT_PRODUCTS_DIR; };
		81AB20052B1B45A5000A8A3A /* EcommerceApp.swift */ = {isa = PBXFileReference; lastKnownFileType = sourcecode.swift; path = EcommerceApp.swift; sourceTree = "<group>"; };
		81AB20072B1B45A5000A8A3A /* ContentView.swift */ = {isa = PBXFileReference; lastKnownFileType = sourcecode.swift; path = ContentView.swift; sourceTree = "<group>"; };
		81AB20092B1B45A6000A8A3A /* Assets.xcassets */ = {isa = PBXFileReference; lastKnownFileType = folder.assetcatalog; path = Assets.xcassets; sourceTree = "<group>"; };
		81AB200C2B1B45A6000A8A3A /* Preview Assets.xcassets */ = {isa = PBXFileReference; lastKnownFileType = folder.assetcatalog; path = "Preview Assets.xcassets"; sourceTree = "<group>"; };
		81AB20172B1B4634000A8A3A /* ProductCard.swift */ = {isa = PBXFileReference; lastKnownFileType = sourcecode.swift; path = ProductCard.swift; sourceTree = "<group>"; };
		81AB20192B1B6BE4000A8A3A /* Product.swift */ = {isa = PBXFileReference; lastKnownFileType = sourcecode.swift; path = Product.swift; sourceTree = "<group>"; };
		81AB201B2B1B7ECE000A8A3A /* CartManager.swift */ = {isa = PBXFileReference; lastKnownFileType = sourcecode.swift; path = CartManager.swift; sourceTree = "<group>"; };
		81AB201D2B1B8293000A8A3A /* CartView.swift */ = {isa = PBXFileReference; lastKnownFileType = sourcecode.swift; path = CartView.swift; sourceTree = "<group>"; };
		81AB201F2B1DEA49000A8A3A /* ProductRow.swift */ = {isa = PBXFileReference; lastKnownFileType = sourcecode.swift; path = ProductRow.swift; sourceTree = "<group>"; };
		81AB20212B1E095C000A8A3A /* CartButton.swift */ = {isa = PBXFileReference; lastKnownFileType = sourcecode.swift; path = CartButton.swift; sourceTree = "<group>"; };
		81AB20232B1E11CD000A8A3A /* PaymentButton.swift */ = {isa = PBXFileReference; lastKnownFileType = sourcecode.swift; path = PaymentButton.swift; sourceTree = "<group>"; };
/* End PBXFileReference section */

/* Begin PBXFrameworksBuildPhase section */
		81AB1FFF2B1B45A5000A8A3A /* Frameworks */ = {
			isa = PBXFrameworksBuildPhase;
			buildActionMask = 2147483647;
			files = (
			);
			runOnlyForDeploymentPostprocessing = 0;
		};
/* End PBXFrameworksBuildPhase section */

/* Begin PBXGroup section */
		815A63222B20C8F300999DC8 /* Entities */ = {
			isa = PBXGroup;
			children = (
				815A63232B20C91500999DC8 /* ProductEntity.swift */,
			);
			path = Entities;
			sourceTree = "<group>";
		};
		815A63252B20C99000999DC8 /* ViewModels */ = {
			isa = PBXGroup;
			children = (
				815A63262B20C9B000999DC8 /* ProductsViewModel.swift */,
			);
			path = ViewModels;
			sourceTree = "<group>";
		};
		815D3F1C2B21E45C00AF35CE /* Utilities */ = {
			isa = PBXGroup;
			children = (
				815D3F1D2B21E46800AF35CE /* ImageCache.swift */,
			);
			path = Utilities;
			sourceTree = "<group>";
		};
		81AB1FF92B1B45A5000A8A3A = {
			isa = PBXGroup;
			children = (
				81AB20042B1B45A5000A8A3A /* Ecommerce */,
				81AB201B2B1B7ECE000A8A3A /* CartManager.swift */,
				81AB20032B1B45A5000A8A3A /* Products */,
			);
			sourceTree = "<group>";
		};
		81AB20032B1B45A5000A8A3A /* Products */ = {
			isa = PBXGroup;
			children = (
				81AB20022B1B45A5000A8A3A /* Ecommerce.app */,
			);
			name = Products;
			sourceTree = "<group>";
		};
		81AB20042B1B45A5000A8A3A /* Ecommerce */ = {
			isa = PBXGroup;
			children = (
				815D3F1C2B21E45C00AF35CE /* Utilities */,
				81AB20052B1B45A5000A8A3A /* EcommerceApp.swift */,
				815A63252B20C99000999DC8 /* ViewModels */,
				815A63222B20C8F300999DC8 /* Entities */,
				81AB20162B1B45CD000A8A3A /* Models */,
				81AB20142B1B45BE000A8A3A /* Views */,
				81AB20152B1B45C5000A8A3A /* Components */,
				81AB20092B1B45A6000A8A3A /* Assets.xcassets */,
				81AB200B2B1B45A6000A8A3A /* Preview Content */,
			);
			path = Ecommerce;
			sourceTree = "<group>";
		};
		81AB200B2B1B45A6000A8A3A /* Preview Content */ = {
			isa = PBXGroup;
			children = (
				81AB200C2B1B45A6000A8A3A /* Preview Assets.xcassets */,
			);
			path = "Preview Content";
			sourceTree = "<group>";
		};
		81AB20142B1B45BE000A8A3A /* Views */ = {
			isa = PBXGroup;
			children = (
				81AB20072B1B45A5000A8A3A /* ContentView.swift */,
				81AB201D2B1B8293000A8A3A /* CartView.swift */,
			);
			path = Views;
			sourceTree = "<group>";
		};
		81AB20152B1B45C5000A8A3A /* Components */ = {
			isa = PBXGroup;
			children = (
				81AB201F2B1DEA49000A8A3A /* ProductRow.swift */,
				81AB20172B1B4634000A8A3A /* ProductCard.swift */,
				81AB20212B1E095C000A8A3A /* CartButton.swift */,
				81AB20232B1E11CD000A8A3A /* PaymentButton.swift */,
			);
			path = Components;
			sourceTree = "<group>";
		};
		81AB20162B1B45CD000A8A3A /* Models */ = {
			isa = PBXGroup;
			children = (
				81AB20192B1B6BE4000A8A3A /* Product.swift */,
			);
			path = Models;
			sourceTree = "<group>";
		};
/* End PBXGroup section */

/* Begin PBXNativeTarget section */
		81AB20012B1B45A5000A8A3A /* Ecommerce */ = {
			isa = PBXNativeTarget;
			buildConfigurationList = 81AB20102B1B45A6000A8A3A /* Build configuration list for PBXNativeTarget "Ecommerce" */;
			buildPhases = (
				81AB1FFE2B1B45A5000A8A3A /* Sources */,
				81AB1FFF2B1B45A5000A8A3A /* Frameworks */,
				81AB20002B1B45A5000A8A3A /* Resources */,
			);
			buildRules = (
			);
			dependencies = (
			);
			name = Ecommerce;
			productName = Ecommerce;
			productReference = 81AB20022B1B45A5000A8A3A /* Ecommerce.app */;
			productType = "com.apple.product-type.application";
		};
/* End PBXNativeTarget section */

/* Begin PBXProject section */
		81AB1FFA2B1B45A5000A8A3A /* Project object */ = {
			isa = PBXProject;
			attributes = {
				BuildIndependentTargetsInParallel = 1;
				LastSwiftUpdateCheck = 1410;
				LastUpgradeCheck = 1410;
				TargetAttributes = {
					81AB20012B1B45A5000A8A3A = {
						CreatedOnToolsVersion = 14.1;
					};
				};
			};
			buildConfigurationList = 81AB1FFD2B1B45A5000A8A3A /* Build configuration list for PBXProject "Ecommerce" */;
			compatibilityVersion = "Xcode 14.0";
			developmentRegion = en;
			hasScannedForEncodings = 0;
			knownRegions = (
				en,
				Base,
			);
			mainGroup = 81AB1FF92B1B45A5000A8A3A;
			productRefGroup = 81AB20032B1B45A5000A8A3A /* Products */;
			projectDirPath = "";
			projectRoot = "";
			targets = (
				81AB20012B1B45A5000A8A3A /* Ecommerce */,
			);
		};
/* End PBXProject section */

/* Begin PBXResourcesBuildPhase section */
		81AB20002B1B45A5000A8A3A /* Resources */ = {
			isa = PBXResourcesBuildPhase;
			buildActionMask = 2147483647;
			files = (
				81AB200D2B1B45A6000A8A3A /* Preview Assets.xcassets in Resources */,
				81AB200A2B1B45A6000A8A3A /* Assets.xcassets in Resources */,
			);
			runOnlyForDeploymentPostprocessing = 0;
		};
/* End PBXResourcesBuildPhase section */

/* Begin PBXSourcesBuildPhase section */
		81AB1FFE2B1B45A5000A8A3A /* Sources */ = {
			isa = PBXSourcesBuildPhase;
			buildActionMask = 2147483647;
			files = (
				81AB20242B1E11CD000A8A3A /* PaymentButton.swift in Sources */,
				815A63272B20C9B000999DC8 /* ProductsViewModel.swift in Sources */,
				81AB201E2B1B8293000A8A3A /* CartView.swift in Sources */,
				81AB20222B1E095C000A8A3A /* CartButton.swift in Sources */,
				81AB20082B1B45A5000A8A3A /* ContentView.swift in Sources */,
				81AB201A2B1B6BE4000A8A3A /* Product.swift in Sources */,
				81AB20062B1B45A5000A8A3A /* EcommerceApp.swift in Sources */,
				81AB20202B1DEA49000A8A3A /* ProductRow.swift in Sources */,
				815A63242B20C91500999DC8 /* ProductEntity.swift in Sources */,
				81AB201C2B1B7ECE000A8A3A /* CartManager.swift in Sources */,
				815D3F1E2B21E46800AF35CE /* ImageCache.swift in Sources */,
				81AB20182B1B4634000A8A3A /* ProductCard.swift in Sources */,
			);
			runOnlyForDeploymentPostprocessing = 0;
		};
/* End PBXSourcesBuildPhase section */

/* Begin XCBuildConfiguration section */
		81AB200E2B1B45A6000A8A3A /* Debug */ = {
			isa = XCBuildConfiguration;
			buildSettings = {
				ALWAYS_SEARCH_USER_PATHS = NO;
				CLANG_ANALYZER_NONNULL = YES;
				CLANG_ANALYZER_NUMBER_OBJECT_CONVERSION = YES_AGGRESSIVE;
				CLANG_CXX_LANGUAGE_STANDARD = "gnu++20";
				CLANG_ENABLE_MODULES = YES;
				CLANG_ENABLE_OBJC_ARC = YES;
				CLANG_ENABLE_OBJC_WEAK = YES;
				CLANG_WARN_BLOCK_CAPTURE_AUTORELEASING = YES;
				CLANG_WARN_BOOL_CONVERSION = YES;
				CLANG_WARN_COMMA = YES;
				CLANG_WARN_CONSTANT_CONVERSION = YES;
				CLANG_WARN_DEPRECATED_OBJC_IMPLEMENTATIONS = YES;
				CLANG_WARN_DIRECT_OBJC_ISA_USAGE = YES_ERROR;
				CLANG_WARN_DOCUMENTATION_COMMENTS = YES;
				CLANG_WARN_EMPTY_BODY = YES;
				CLANG_WARN_ENUM_CONVERSION = YES;
				CLANG_WARN_INFINITE_RECURSION = YES;
				CLANG_WARN_INT_CONVERSION = YES;
				CLANG_WARN_NON_LITERAL_NULL_CONVERSION = YES;
				CLANG_WARN_OBJC_IMPLICIT_RETAIN_SELF = YES;
				CLANG_WARN_OBJC_LITERAL_CONVERSION = YES;
				CLANG_WARN_OBJC_ROOT_CLASS = YES_ERROR;
				CLANG_WARN_QUOTED_INCLUDE_IN_FRAMEWORK_HEADER = YES;
				CLANG_WARN_RANGE_LOOP_ANALYSIS = YES;
				CLANG_WARN_STRICT_PROTOTYPES = YES;
				CLANG_WARN_SUSPICIOUS_MOVE = YES;
				CLANG_WARN_UNGUARDED_AVAILABILITY = YES_AGGRESSIVE;
				CLANG_WARN_UNREACHABLE_CODE = YES;
				CLANG_WARN__DUPLICATE_METHOD_MATCH = YES;
				COPY_PHASE_STRIP = NO;
				DEBUG_INFORMATION_FORMAT = dwarf;
				ENABLE_STRICT_OBJC_MSGSEND = YES;
				ENABLE_TESTABILITY = YES;
				GCC_C_LANGUAGE_STANDARD = gnu11;
				GCC_DYNAMIC_NO_PIC = NO;
				GCC_NO_COMMON_BLOCKS = YES;
				GCC_OPTIMIZATION_LEVEL = 0;
				GCC_PREPROCESSOR_DEFINITIONS = (
					"DEBUG=1",
					"$(inherited)",
				);
				GCC_WARN_64_TO_32_BIT_CONVERSION = YES;
				GCC_WARN_ABOUT_RETURN_TYPE = YES_ERROR;
				GCC_WARN_UNDECLARED_SELECTOR = YES;
				GCC_WARN_UNINITIALIZED_AUTOS = YES_AGGRESSIVE;
				GCC_WARN_UNUSED_FUNCTION = YES;
				GCC_WARN_UNUSED_VARIABLE = YES;
				IPHONEOS_DEPLOYMENT_TARGET = 16.1;
				MTL_ENABLE_DEBUG_INFO = INCLUDE_SOURCE;
				MTL_FAST_MATH = YES;
				ONLY_ACTIVE_ARCH = YES;
				SDKROOT = iphoneos;
				SWIFT_ACTIVE_COMPILATION_CONDITIONS = DEBUG;
				SWIFT_OPTIMIZATION_LEVEL = "-Onone";
			};
			name = Debug;
		};
		81AB200F2B1B45A6000A8A3A /* Release */ = {
			isa = XCBuildConfiguration;
			buildSettings = {
				ALWAYS_SEARCH_USER_PATHS = NO;
				CLANG_ANALYZER_NONNULL = YES;
				CLANG_ANALYZER_NUMBER_OBJECT_CONVERSION = YES_AGGRESSIVE;
				CLANG_CXX_LANGUAGE_STANDARD = "gnu++20";
				CLANG_ENABLE_MODULES = YES;
				CLANG_ENABLE_OBJC_ARC = YES;
				CLANG_ENABLE_OBJC_WEAK = YES;
				CLANG_WARN_BLOCK_CAPTURE_AUTORELEASING = YES;
				CLANG_WARN_BOOL_CONVERSION = YES;
				CLANG_WARN_COMMA = YES;
				CLANG_WARN_CONSTANT_CONVERSION = YES;
				CLANG_WARN_DEPRECATED_OBJC_IMPLEMENTATIONS = YES;
				CLANG_WARN_DIRECT_OBJC_ISA_USAGE = YES_ERROR;
				CLANG_WARN_DOCUMENTATION_COMMENTS = YES;
				CLANG_WARN_EMPTY_BODY = YES;
				CLANG_WARN_ENUM_CONVERSION = YES;
				CLANG_WARN_INFINITE_RECURSION = YES;
				CLANG_WARN_INT_CONVERSION = YES;
				CLANG_WARN_NON_LITERAL_NULL_CONVERSION = YES;
				CLANG_WARN_OBJC_IMPLICIT_RETAIN_SELF = YES;
				CLANG_WARN_OBJC_LITERAL_CONVERSION = YES;
				CLANG_WARN_OBJC_ROOT_CLASS = YES_ERROR;
				CLANG_WARN_QUOTED_INCLUDE_IN_FRAMEWORK_HEADER = YES;
				CLANG_WARN_RANGE_LOOP_ANALYSIS = YES;
				CLANG_WARN_STRICT_PROTOTYPES = YES;
				CLANG_WARN_SUSPICIOUS_MOVE = YES;
				CLANG_WARN_UNGUARDED_AVAILABILITY = YES_AGGRESSIVE;
				CLANG_WARN_UNREACHABLE_CODE = YES;
				CLANG_WARN__DUPLICATE_METHOD_MATCH = YES;
				COPY_PHASE_STRIP = NO;
				DEBUG_INFORMATION_FORMAT = "dwarf-with-dsym";
				ENABLE_NS_ASSERTIONS = NO;
				ENABLE_STRICT_OBJC_MSGSEND = YES;
				GCC_C_LANGUAGE_STANDARD = gnu11;
				GCC_NO_COMMON_BLOCKS = YES;
				GCC_WARN_64_TO_32_BIT_CONVERSION = YES;
				GCC_WARN_ABOUT_RETURN_TYPE = YES_ERROR;
				GCC_WARN_UNDECLARED_SELECTOR = YES;
				GCC_WARN_UNINITIALIZED_AUTOS = YES_AGGRESSIVE;
				GCC_WARN_UNUSED_FUNCTION = YES;
				GCC_WARN_UNUSED_VARIABLE = YES;
				IPHONEOS_DEPLOYMENT_TARGET = 16.1;
				MTL_ENABLE_DEBUG_INFO = NO;
				MTL_FAST_MATH = YES;
				SDKROOT = iphoneos;
				SWIFT_COMPILATION_MODE = wholemodule;
				SWIFT_OPTIMIZATION_LEVEL = "-O";
				VALIDATE_PRODUCT = YES;
			};
			name = Release;
		};
		81AB20112B1B45A6000A8A3A /* Debug */ = {
			isa = XCBuildConfiguration;
			buildSettings = {
				ASSETCATALOG_COMPILER_APPICON_NAME = AppIcon;
				ASSETCATALOG_COMPILER_GLOBAL_ACCENT_COLOR_NAME = AccentColor;
				CODE_SIGN_STYLE = Automatic;
				CURRENT_PROJECT_VERSION = 1;
				DEVELOPMENT_ASSET_PATHS = "\"Ecommerce/Preview Content\"";
				ENABLE_PREVIEWS = YES;
				GENERATE_INFOPLIST_FILE = YES;
				INFOPLIST_KEY_UIApplicationSceneManifest_Generation = YES;
				INFOPLIST_KEY_UIApplicationSupportsIndirectInputEvents = YES;
				INFOPLIST_KEY_UILaunchScreen_Generation = YES;
				INFOPLIST_KEY_UISupportedInterfaceOrientations = UIInterfaceOrientationPortrait;
				INFOPLIST_KEY_UISupportedInterfaceOrientations_iPad = "UIInterfaceOrientationLandscapeLeft UIInterfaceOrientationLandscapeRight UIInterfaceOrientationPortrait UIInterfaceOrientationPortraitUpsideDown";
				LD_RUNPATH_SEARCH_PATHS = (
					"$(inherited)",
					"@executable_path/Frameworks",
				);
				MARKETING_VERSION = 1.0;
				PRODUCT_BUNDLE_IDENTIFIER = practiceplayground.Ecommerce;
				PRODUCT_NAME = "$(TARGET_NAME)";
				SUPPORTED_PLATFORMS = "iphoneos iphonesimulator";
				SUPPORTS_MACCATALYST = NO;
				SUPPORTS_MAC_DESIGNED_FOR_IPHONE_IPAD = NO;
				SWIFT_EMIT_LOC_STRINGS = YES;
				SWIFT_VERSION = 5.0;
				TARGETED_DEVICE_FAMILY = 1;
			};
			name = Debug;
		};
		81AB20122B1B45A6000A8A3A /* Release */ = {
			isa = XCBuildConfiguration;
			buildSettings = {
				ASSETCATALOG_COMPILER_APPICON_NAME = AppIcon;
				ASSETCATALOG_COMPILER_GLOBAL_ACCENT_COLOR_NAME = AccentColor;
				CODE_SIGN_STYLE = Automatic;
				CURRENT_PROJECT_VERSION = 1;
				DEVELOPMENT_ASSET_PATHS = "\"Ecommerce/Preview Content\"";
				ENABLE_PREVIEWS = YES;
				GENERATE_INFOPLIST_FILE = YES;
				INFOPLIST_KEY_UIApplicationSceneManifest_Generation = YES;
				INFOPLIST_KEY_UIApplicationSupportsIndirectInputEvents = YES;
				INFOPLIST_KEY_UILaunchScreen_Generation = YES;
				INFOPLIST_KEY_UISupportedInterfaceOrientations = UIInterfaceOrientationPortrait;
				INFOPLIST_KEY_UISupportedInterfaceOrientations_iPad = "UIInterfaceOrientationLandscapeLeft UIInterfaceOrientationLandscapeRight UIInterfaceOrientationPortrait UIInterfaceOrientationPortraitUpsideDown";
				LD_RUNPATH_SEARCH_PATHS = (
					"$(inherited)",
					"@executable_path/Frameworks",
				);
				MARKETING_VERSION = 1.0;
				PRODUCT_BUNDLE_IDENTIFIER = practiceplayground.Ecommerce;
				PRODUCT_NAME = "$(TARGET_NAME)";
				SUPPORTED_PLATFORMS = "iphoneos iphonesimulator";
				SUPPORTS_MACCATALYST = NO;
				SUPPORTS_MAC_DESIGNED_FOR_IPHONE_IPAD = NO;
				SWIFT_EMIT_LOC_STRINGS = YES;
				SWIFT_VERSION = 5.0;
				TARGETED_DEVICE_FAMILY = 1;
			};
			name = Release;
		};
/* End XCBuildConfiguration section */

/* Begin XCConfigurationList section */
		81AB1FFD2B1B45A5000A8A3A /* Build configuration list for PBXProject "Ecommerce" */ = {
			isa = XCConfigurationList;
			buildConfigurations = (
				81AB200E2B1B45A6000A8A3A /* Debug */,
				81AB200F2B1B45A6000A8A3A /* Release */,
			);
			defaultConfigurationIsVisible = 0;
			defaultConfigurationName = Release;
		};
		81AB20102B1B45A6000A8A3A /* Build configuration list for PBXNativeTarget "Ecommerce" */ = {
			isa = XCConfigurationList;
			buildConfigurations = (
				81AB20112B1B45A6000A8A3A /* Debug */,
				81AB20122B1B45A6000A8A3A /* Release */,
			);
			defaultConfigurationIsVisible = 0;
			defaultConfigurationName = Release;
		};
/* End XCConfigurationList section */
	};
	rootObject = 81AB1FFA2B1B45A5000A8A3A /* Project object */;
}
